
Microsoft Visual Studio Solution File, Format Version 12.00
# Visual Studio Version 17
VisualStudioVersion = 17.2.32602.215
MinimumVisualStudioVersion = 10.0.40219.1
Project("{FAE04EC0-301F-11D3-BF4B-00C04F79EFBC}") = "PaginacaoBetaAPI", "PaginacaoBetaAPI.csproj", "{842CDBEA-ACCA-4C89-9EE3-8D6378C3B36B}"
EndProject
Global
	GlobalSection(SolutionConfigurationPlatforms) = preSolution
		Debug|Any CPU = Debug|Any CPU
		Release|Any CPU = Release|Any CPU
	EndGlobalSection
	GlobalSection(ProjectConfigurationPlatforms) = postSolution
		{842CDBEA-ACCA-4C89-9EE3-8D6378C3B36B}.Debug|Any CPU.ActiveCfg = Debug|Any CPU
		{842CDBEA-ACCA-4C89-9EE3-8D6378C3B36B}.Debug|Any CPU.Build.0 = Debug|Any CPU
		{842CDBEA-ACCA-4C89-9EE3-8D6378C3B36B}.Release|Any CPU.ActiveCfg = Release|Any CPU
		{842CDBEA-ACCA-4C89-9EE3-8D6378C3B36B}.Release|Any CPU.Build.0 = Release|Any CPU
	EndGlobalSection
	GlobalSection(SolutionProperties) = preSolution
		HideSolutionNode = FALSE
	EndGlobalSection
	GlobalSection(ExtensibilityGlobals) = postSolution
		SolutionGuid = {48291724-B6AC-41E2-AA7C-149DE2AEED35}
	EndGlobalSection
EndGlobal
