
Microsoft Visual Studio Solution File, Format Version 12.00
# Visual Studio Version 17
VisualStudioVersion = 17.1.32421.90
MinimumVisualStudioVersion = 10.0.40219.1
Project("{9A19103F-16F7-4668-BE54-9A1E7A4F7556}") = "PaginacaoBeta", "PaginacaoBeta.csproj", "{646356AE-685C-4EBA-8C04-8E3DE18F7E08}"
EndProject
Project("{9A19103F-16F7-4668-BE54-9A1E7A4F7556}") = "Canducci.Pagination", "..\Canducci.Pagination\Canducci.Pagination.csproj", "{9E293FF3-F4F8-40D3-A0CC-BB90B9A89C8F}"
EndProject
Project("{9A19103F-16F7-4668-BE54-9A1E7A4F7556}") = "Canducci.Pagination.Mvc", "..\Canducci.Pagination.Mvc\Canducci.Pagination.Mvc.csproj", "{C221B5C1-2ED3-4738-B4F7-F82C8166DC61}"
EndProject
Global
	GlobalSection(SolutionConfigurationPlatforms) = preSolution
		Debug|Any CPU = Debug|Any CPU
		Release|Any CPU = Release|Any CPU
	EndGlobalSection
	GlobalSection(ProjectConfigurationPlatforms) = postSolution
		{646356AE-685C-4EBA-8C04-8E3DE18F7E08}.Debug|Any CPU.ActiveCfg = Debug|Any CPU
		{646356AE-685C-4EBA-8C04-8E3DE18F7E08}.Debug|Any CPU.Build.0 = Debug|Any CPU
		{646356AE-685C-4EBA-8C04-8E3DE18F7E08}.Release|Any CPU.ActiveCfg = Release|Any CPU
		{646356AE-685C-4EBA-8C04-8E3DE18F7E08}.Release|Any CPU.Build.0 = Release|Any CPU
		{9E293FF3-F4F8-40D3-A0CC-BB90B9A89C8F}.Debug|Any CPU.ActiveCfg = Debug|Any CPU
		{9E293FF3-F4F8-40D3-A0CC-BB90B9A89C8F}.Debug|Any CPU.Build.0 = Debug|Any CPU
		{9E293FF3-F4F8-40D3-A0CC-BB90B9A89C8F}.Release|Any CPU.ActiveCfg = Release|Any CPU
		{9E293FF3-F4F8-40D3-A0CC-BB90B9A89C8F}.Release|Any CPU.Build.0 = Release|Any CPU
		{C221B5C1-2ED3-4738-B4F7-F82C8166DC61}.Debug|Any CPU.ActiveCfg = Debug|Any CPU
		{C221B5C1-2ED3-4738-B4F7-F82C8166DC61}.Debug|Any CPU.Build.0 = Debug|Any CPU
		{C221B5C1-2ED3-4738-B4F7-F82C8166DC61}.Release|Any CPU.ActiveCfg = Release|Any CPU
		{C221B5C1-2ED3-4738-B4F7-F82C8166DC61}.Release|Any CPU.Build.0 = Release|Any CPU
	EndGlobalSection
	GlobalSection(SolutionProperties) = preSolution
		HideSolutionNode = FALSE
	EndGlobalSection
	GlobalSection(ExtensibilityGlobals) = postSolution
		SolutionGuid = {ADDB78D8-BDBC-468A-844D-B4BFFAA6B4F8}
	EndGlobalSection
EndGlobal
